Microsoft Visual Studio Solution File, Format Version 11.00
# Visual Studio 2008

Project("{AF94E990-0EFB-3B21-37E3-45E54C9EC42B}") = "AndroidTest1", "Assembly-CSharp-firstpass.csproj", "{3EB91D9B-AE83-6EA1-2250-66E51E750C0C}"
EndProject
Project("{AF94E990-0EFB-3B21-37E3-45E54C9EC42B}") = "AndroidTest1", "Assembly-CSharp.csproj", "{50343139-1AC8-BE15-9B66-42ED16DFC91A}"
EndProject
Project("{AF94E990-0EFB-3B21-37E3-45E54C9EC42B}") = "AndroidTest1", "Assembly-CSharp-Editor.csproj", "{926B9C07-F2BD-231C-6CE0-0045459A912D}"
EndProject
Global
	GlobalSection(SolutionConfigurationPlatforms) = preSolution
		Debug|Any CPU = Debug|Any CPU
		Release|Any CPU = Release|Any CPU
	EndGlobalSection
	GlobalSection(ProjectConfigurationPlatforms) = postSolution
		{3EB91D9B-AE83-6EA1-2250-66E51E750C0C}.Debug|Any CPU.ActiveCfg = Debug|Any CPU
		{3EB91D9B-AE83-6EA1-2250-66E51E750C0C}.Debug|Any CPU.Build.0 = Debug|Any CPU
		{3EB91D9B-AE83-6EA1-2250-66E51E750C0C}.Release|Any CPU.ActiveCfg = Release|Any CPU
		{3EB91D9B-AE83-6EA1-2250-66E51E750C0C}.Release|Any CPU.Build.0 = Release|Any CPU
		{50343139-1AC8-BE15-9B66-42ED16DFC91A}.Debug|Any CPU.ActiveCfg = Debug|Any CPU
		{50343139-1AC8-BE15-9B66-42ED16DFC91A}.Debug|Any CPU.Build.0 = Debug|Any CPU
		{50343139-1AC8-BE15-9B66-42ED16DFC91A}.Release|Any CPU.ActiveCfg = Release|Any CPU
		{50343139-1AC8-BE15-9B66-42ED16DFC91A}.Release|Any CPU.Build.0 = Release|Any CPU
		{926B9C07-F2BD-231C-6CE0-0045459A912D}.Debug|Any CPU.ActiveCfg = Debug|Any CPU
		{926B9C07-F2BD-231C-6CE0-0045459A912D}.Debug|Any CPU.Build.0 = Debug|Any CPU
		{926B9C07-F2BD-231C-6CE0-0045459A912D}.Release|Any CPU.ActiveCfg = Release|Any CPU
		{926B9C07-F2BD-231C-6CE0-0045459A912D}.Release|Any CPU.Build.0 = Release|Any CPU
	EndGlobalSection
	GlobalSection(SolutionProperties) = preSolution
		HideSolutionNode = FALSE
	EndGlobalSection
	GlobalSection(MonoDevelopProperties) = preSolution
		StartupItem = Assembly-CSharp.csproj
	EndGlobalSection
EndGlobal
